
Microsoft Visual Studio Solution File, Format Version 12.00
# Visual Studio Version 16
VisualStudioVersion = 16.0.30204.135
MinimumVisualStudioVersion = 10.0.40219.1
Project("{FAE04EC0-301F-11D3-BF4B-00C04F79EFBC}") = "RussianRoulette", "RussianRoulette\RussianRoulette.csproj", "{20F2D022-E447-4748-8023-C20EE80606EC}"
EndProject
Project("{FAE04EC0-301F-11D3-BF4B-00C04F79EFBC}") = "RussianRouletteUnitTest", "RussianRouletteUnitTest\RussianRouletteUnitTest.csproj", "{A32F0E90-A035-4FEA-ACC5-6A20F9F0EDEB}"
EndProject
Global
	GlobalSection(SolutionConfigurationPlatforms) = preSolution
		Debug|Any CPU = Debug|Any CPU
		Release|Any CPU = Release|Any CPU
	EndGlobalSection
	GlobalSection(ProjectConfigurationPlatforms) = postSolution
		{20F2D022-E447-4748-8023-C20EE80606EC}.Debug|Any CPU.ActiveCfg = Debug|Any CPU
		{20F2D022-E447-4748-8023-C20EE80606EC}.Debug|Any CPU.Build.0 = Debug|Any CPU
		{20F2D022-E447-4748-8023-C20EE80606EC}.Release|Any CPU.ActiveCfg = Release|Any CPU
		{20F2D022-E447-4748-8023-C20EE80606EC}.Release|Any CPU.Build.0 = Release|Any CPU
		{A32F0E90-A035-4FEA-ACC5-6A20F9F0EDEB}.Debug|Any CPU.ActiveCfg = Debug|Any CPU
		{A32F0E90-A035-4FEA-ACC5-6A20F9F0EDEB}.Debug|Any CPU.Build.0 = Debug|Any CPU
		{A32F0E90-A035-4FEA-ACC5-6A20F9F0EDEB}.Release|Any CPU.ActiveCfg = Release|Any CPU
		{A32F0E90-A035-4FEA-ACC5-6A20F9F0EDEB}.Release|Any CPU.Build.0 = Release|Any CPU
	EndGlobalSection
	GlobalSection(SolutionProperties) = preSolution
		HideSolutionNode = FALSE
	EndGlobalSection
	GlobalSection(ExtensibilityGlobals) = postSolution
		SolutionGuid = {688CE51F-2026-44BF-96EC-D662D968EA8B}
	EndGlobalSection
EndGlobal
